// !$*UTF8*$!
{
	archiveVersion = 1;
	classes = {
	};
	objectVersion = 50;
	objects = {

/* Begin PBXBuildFile section */
		5131663E24C8655E0082A742 /* Contact_ListApp.swift in Sources */ = {isa = PBXBuildFile; fileRef = 5131662B24C865590082A742 /* Contact_ListApp.swift */; };
		5131663F24C8655E0082A742 /* Contact_ListApp.swift in Sources */ = {isa = PBXBuildFile; fileRef = 5131662B24C865590082A742 /* Contact_ListApp.swift */; };
		5131664024C8655E0082A742 /* ContentView.swift in Sources */ = {isa = PBXBuildFile; fileRef = 5131662C24C865590082A742 /* ContentView.swift */; };
		5131664124C8655E0082A742 /* ContentView.swift in Sources */ = {isa = PBXBuildFile; fileRef = 5131662C24C865590082A742 /* ContentView.swift */; };
		5131664224C8655E0082A742 /* Assets.xcassets in Resources */ = {isa = PBXBuildFile; fileRef = 5131662D24C8655E0082A742 /* Assets.xcassets */; };
		5131664324C8655E0082A742 /* Assets.xcassets in Resources */ = {isa = PBXBuildFile; fileRef = 5131662D24C8655E0082A742 /* Assets.xcassets */; };
		5131664D24C866520082A742 /* ContactListStore.swift in Sources */ = {isa = PBXBuildFile; fileRef = 5131664C24C866520082A742 /* ContactListStore.swift */; };
		5131664E24C866520082A742 /* ContactListStore.swift in Sources */ = {isa = PBXBuildFile; fileRef = 5131664C24C866520082A742 /* ContactListStore.swift */; };
		5131665024C87AF20082A742 /* ContactView.swift in Sources */ = {isa = PBXBuildFile; fileRef = 5131664F24C87AF20082A742 /* ContactView.swift */; };
		5131665124C87AF20082A742 /* ContactView.swift in Sources */ = {isa = PBXBuildFile; fileRef = 5131664F24C87AF20082A742 /* ContactView.swift */; };
/* End PBXBuildFile section */

/* Begin PBXFileReference section */
		5131662B24C865590082A742 /* Contact_ListApp.swift */ = {isa = PBXFileReference; lastKnownFileType = sourcecode.swift; path = Contact_ListApp.swift; sourceTree = "<group>"; };
		5131662C24C865590082A742 /* ContentView.swift */ = {isa = PBXFileReference; lastKnownFileType = sourcecode.swift; path = ContentView.swift; sourceTree = "<group>"; };
		5131662D24C8655E0082A742 /* Assets.xcassets */ = {isa = PBXFileReference; lastKnownFileType = folder.assetcatalog; path = Assets.xcassets; sourceTree = "<group>"; };
		5131663224C8655E0082A742 /* Contact List.app */ = {isa = PBXFileReference; explicitFileType = wrapper.application; includeInIndex = 0; path = "Contact List.app"; sourceTree = BUILT_PRODUCTS_DIR; };
		5131663524C8655E0082A742 /* Info.plist */ = {isa = PBXFileReference; lastKnownFileType = text.plist.xml; path = Info.plist; sourceTree = "<group>"; };
		5131663A24C8655E0082A742 /* Contact List.app */ = {isa = PBXFileReference; explicitFileType = wrapper.application; includeInIndex = 0; path = "Contact List.app"; sourceTree = BUILT_PRODUCTS_DIR; };
		5131663C24C8655E0082A742 /* Info.plist */ = {isa = PBXFileReference; lastKnownFileType = text.plist.xml; path = Info.plist; sourceTree = "<group>"; };
		5131663D24C8655E0082A742 /* macOS.entitlements */ = {isa = PBXFileReference; lastKnownFileType = text.plist.entitlements; path = macOS.entitlements; sourceTree = "<group>"; };
		5131664C24C866520082A742 /* ContactListStore.swift */ = {isa = PBXFileReference; lastKnownFileType = sourcecode.swift; path = ContactListStore.swift; sourceTree = "<group>"; };
		5131664F24C87AF20082A742 /* ContactView.swift */ = {isa = PBXFileReference; lastKnownFileType = sourcecode.swift; path = ContactView.swift; sourceTree = "<group>"; };
/* End PBXFileReference section */

/* Begin PBXFrameworksBuildPhase section */
		5131662F24C8655E0082A742 /* Frameworks */ = {
			isa = PBXFrameworksBuildPhase;
			buildActionMask = 2147483647;
			files = (
			);
			runOnlyForDeploymentPostprocessing = 0;
		};
		5131663724C8655E0082A742 /* Frameworks */ = {
			isa = PBXFrameworksBuildPhase;
			buildActionMask = 2147483647;
			files = (
			);
			runOnlyForDeploymentPostprocessing = 0;
		};
/* End PBXFrameworksBuildPhase section */

/* Begin PBXGroup section */
		5131662524C865590082A742 = {
			isa = PBXGroup;
			children = (
				5131662A24C865590082A742 /* Shared */,
				5131663424C8655E0082A742 /* iOS */,
				5131663B24C8655E0082A742 /* macOS */,
				5131663324C8655E0082A742 /* Products */,
			);
			sourceTree = "<group>";
		};
		5131662A24C865590082A742 /* Shared */ = {
			isa = PBXGroup;
			children = (
				5131662B24C865590082A742 /* Contact_ListApp.swift */,
				5131662C24C865590082A742 /* ContentView.swift */,
				5131664F24C87AF20082A742 /* ContactView.swift */,
				5131664C24C866520082A742 /* ContactListStore.swift */,
				5131662D24C8655E0082A742 /* Assets.xcassets */,
			);
			path = Shared;
			sourceTree = "<group>";
		};
		5131663324C8655E0082A742 /* Products */ = {
			isa = PBXGroup;
			children = (
				5131663224C8655E0082A742 /* Contact List.app */,
				5131663A24C8655E0082A742 /* Contact List.app */,
			);
			name = Products;
			sourceTree = "<group>";
		};
		5131663424C8655E0082A742 /* iOS */ = {
			isa = PBXGroup;
			children = (
				5131663524C8655E0082A742 /* Info.plist */,
			);
			path = iOS;
			sourceTree = "<group>";
		};
		5131663B24C8655E0082A742 /* macOS */ = {
			isa = PBXGroup;
			children = (
				5131663C24C8655E0082A742 /* Info.plist */,
				5131663D24C8655E0082A742 /* macOS.entitlements */,
			);
			path = macOS;
			sourceTree = "<group>";
		};
/* End PBXGroup section */

/* Begin PBXNativeTarget section */
		5131663124C8655E0082A742 /* Contact List (iOS) */ = {
			isa = PBXNativeTarget;
			buildConfigurationList = 5131664624C8655E0082A742 /* Build configuration list for PBXNativeTarget "Contact List (iOS)" */;
			buildPhases = (
				5131662E24C8655E0082A742 /* Sources */,
				5131662F24C8655E0082A742 /* Frameworks */,
				5131663024C8655E0082A742 /* Resources */,
			);
			buildRules = (
			);
			dependencies = (
			);
			name = "Contact List (iOS)";
			productName = "Contact List (iOS)";
			productReference = 5131663224C8655E0082A742 /* Contact List.app */;
			productType = "com.apple.product-type.application";
		};
		5131663924C8655E0082A742 /* Contact List (macOS) */ = {
			isa = PBXNativeTarget;
			buildConfigurationList = 5131664924C8655E0082A742 /* Build configuration list for PBXNativeTarget "Contact List (macOS)" */;
			buildPhases = (
				5131663624C8655E0082A742 /* Sources */,
				5131663724C8655E0082A742 /* Frameworks */,
				5131663824C8655E0082A742 /* Resources */,
			);
			buildRules = (
			);
			dependencies = (
			);
			name = "Contact List (macOS)";
			productName = "Contact List (macOS)";
			productReference = 5131663A24C8655E0082A742 /* Contact List.app */;
			productType = "com.apple.product-type.application";
		};
/* End PBXNativeTarget section */

/* Begin PBXProject section */
		5131662624C865590082A742 /* Project object */ = {
			isa = PBXProject;
			attributes = {
				LastSwiftUpdateCheck = 1200;
				LastUpgradeCheck = 1200;
				TargetAttributes = {
					5131663124C8655E0082A742 = {
						CreatedOnToolsVersion = 12.0;
					};
					5131663924C8655E0082A742 = {
						CreatedOnToolsVersion = 12.0;
					};
				};
			};
			buildConfigurationList = 5131662924C865590082A742 /* Build configuration list for PBXProject "Contact List" */;
			compatibilityVersion = "Xcode 9.3";
			developmentRegion = en;
			hasScannedForEncodings = 0;
			knownRegions = (
				en,
				Base,
			);
			mainGroup = 5131662524C865590082A742;
			productRefGroup = 5131663324C8655E0082A742 /* Products */;
			projectDirPath = "";
			projectRoot = "";
			targets = (
				5131663124C8655E0082A742 /* Contact List (iOS) */,
				5131663924C8655E0082A742 /* Contact List (macOS) */,
			);
		};
/* End PBXProject section */

/* Begin PBXResourcesBuildPhase section */
		5131663024C8655E0082A742 /* Resources */ = {
			isa = PBXResourcesBuildPhase;
			buildActionMask = 2147483647;
			files = (
				5131664224C8655E0082A742 /* Assets.xcassets in Resources */,
			);
			runOnlyForDeploymentPostprocessing = 0;
		};
		5131663824C8655E0082A742 /* Resources */ = {
			isa = PBXResourcesBuildPhase;
			buildActionMask = 2147483647;
			files = (
				5131664324C8655E0082A742 /* Assets.xcassets in Resources */,
			);
			runOnlyForDeploymentPostprocessing = 0;
		};
/* End PBXResourcesBuildPhase section */

/* Begin PBXSourcesBuildPhase section */
		5131662E24C8655E0082A742 /* Sources */ = {
			isa = PBXSourcesBuildPhase;
			buildActionMask = 2147483647;
			files = (
				5131664D24C866520082A742 /* ContactListStore.swift in Sources */,
				5131664024C8655E0082A742 /* ContentView.swift in Sources */,
				5131663E24C8655E0082A742 /* Contact_ListApp.swift in Sources */,
				5131665024C87AF20082A742 /* ContactView.swift in Sources */,
			);
			runOnlyForDeploymentPostprocessing = 0;
		};
		5131663624C8655E0082A742 /* Sources */ = {
			isa = PBXSourcesBuildPhase;
			buildActionMask = 2147483647;
			files = (
				5131664E24C866520082A742 /* ContactListStore.swift in Sources */,
				5131664124C8655E0082A742 /* ContentView.swift in Sources */,
				5131663F24C8655E0082A742 /* Contact_ListApp.swift in Sources */,
				5131665124C87AF20082A742 /* ContactView.swift in Sources */,
			);
			runOnlyForDeploymentPostprocessing = 0;
		};
/* End PBXSourcesBuildPhase section */

/* Begin XCBuildConfiguration section */
		5131664424C8655E0082A742 /* Debug */ = {
			isa = XCBuildConfiguration;
			buildSettings = {
				ALWAYS_SEARCH_USER_PATHS = NO;
				CLANG_ANALYZER_NONNULL = YES;
				CLANG_ANALYZER_NUMBER_OBJECT_CONVERSION = YES_AGGRESSIVE;
				CLANG_CXX_LANGUAGE_STANDARD = "gnu++14";
				CLANG_CXX_LIBRARY = "libc++";
				CLANG_ENABLE_MODULES = YES;
				CLANG_ENABLE_OBJC_ARC = YES;
				CLANG_ENABLE_OBJC_WEAK = YES;
				CLANG_WARN_BLOCK_CAPTURE_AUTORELEASING = YES;
				CLANG_WARN_BOOL_CONVERSION = YES;
				CLANG_WARN_COMMA = YES;
				CLANG_WARN_CONSTANT_CONVERSION = YES;
				CLANG_WARN_DEPRECATED_OBJC_IMPLEMENTATIONS = YES;
				CLANG_WARN_DIRECT_OBJC_ISA_USAGE = YES_ERROR;
				CLANG_WARN_DOCUMENTATION_COMMENTS = YES;
				CLANG_WARN_EMPTY_BODY = YES;
				CLANG_WARN_ENUM_CONVERSION = YES;
				CLANG_WARN_INFINITE_RECURSION = YES;
				CLANG_WARN_INT_CONVERSION = YES;
				CLANG_WARN_NON_LITERAL_NULL_CONVERSION = YES;
				CLANG_WARN_OBJC_IMPLICIT_RETAIN_SELF = YES;
				CLANG_WARN_OBJC_LITERAL_CONVERSION = YES;
				CLANG_WARN_OBJC_ROOT_CLASS = YES_ERROR;
				CLANG_WARN_QUOTED_INCLUDE_IN_FRAMEWORK_HEADER = YES;
				CLANG_WARN_RANGE_LOOP_ANALYSIS = YES;
				CLANG_WARN_STRICT_PROTOTYPES = YES;
				CLANG_WARN_SUSPICIOUS_MOVE = YES;
				CLANG_WARN_UNGUARDED_AVAILABILITY = YES_AGGRESSIVE;
				CLANG_WARN_UNREACHABLE_CODE = YES;
				CLANG_WARN__DUPLICATE_METHOD_MATCH = YES;
				COPY_PHASE_STRIP = NO;
				DEBUG_INFORMATION_FORMAT = dwarf;
				ENABLE_STRICT_OBJC_MSGSEND = YES;
				ENABLE_TESTABILITY = YES;
				GCC_C_LANGUAGE_STANDARD = gnu11;
				GCC_DYNAMIC_NO_PIC = NO;
				GCC_NO_COMMON_BLOCKS = YES;
				GCC_OPTIMIZATION_LEVEL = 0;
				GCC_PREPROCESSOR_DEFINITIONS = (
					"DEBUG=1",
					"$(inherited)",
				);
				GCC_WARN_64_TO_32_BIT_CONVERSION = YES;
				GCC_WARN_ABOUT_RETURN_TYPE = YES_ERROR;
				GCC_WARN_UNDECLARED_SELECTOR = YES;
				GCC_WARN_UNINITIALIZED_AUTOS = YES_AGGRESSIVE;
				GCC_WARN_UNUSED_FUNCTION = YES;
				GCC_WARN_UNUSED_VARIABLE = YES;
				MTL_ENABLE_DEBUG_INFO = INCLUDE_SOURCE;
				MTL_FAST_MATH = YES;
				ONLY_ACTIVE_ARCH = YES;
				SWIFT_ACTIVE_COMPILATION_CONDITIONS = DEBUG;
				SWIFT_OPTIMIZATION_LEVEL = "-Onone";
			};
			name = Debug;
		};
		5131664524C8655E0082A742 /* Release */ = {
			isa = XCBuildConfiguration;
			buildSettings = {
				ALWAYS_SEARCH_USER_PATHS = NO;
				CLANG_ANALYZER_NONNULL = YES;
				CLANG_ANALYZER_NUMBER_OBJECT_CONVERSION = YES_AGGRESSIVE;
				CLANG_CXX_LANGUAGE_STANDARD = "gnu++14";
				CLANG_CXX_LIBRARY = "libc++";
				CLANG_ENABLE_MODULES = YES;
				CLANG_ENABLE_OBJC_ARC = YES;
				CLANG_ENABLE_OBJC_WEAK = YES;
				CLANG_WARN_BLOCK_CAPTURE_AUTORELEASING = YES;
				CLANG_WARN_BOOL_CONVERSION = YES;
				CLANG_WARN_COMMA = YES;
				CLANG_WARN_CONSTANT_CONVERSION = YES;
				CLANG_WARN_DEPRECATED_OBJC_IMPLEMENTATIONS = YES;
				CLANG_WARN_DIRECT_OBJC_ISA_USAGE = YES_ERROR;
				CLANG_WARN_DOCUMENTATION_COMMENTS = YES;
				CLANG_WARN_EMPTY_BODY = YES;
				CLANG_WARN_ENUM_CONVERSION = YES;
				CLANG_WARN_INFINITE_RECURSION = YES;
				CLANG_WARN_INT_CONVERSION = YES;
				CLANG_WARN_NON_LITERAL_NULL_CONVERSION = YES;
				CLANG_WARN_OBJC_IMPLICIT_RETAIN_SELF = YES;
				CLANG_WARN_OBJC_LITERAL_CONVERSION = YES;
				CLANG_WARN_OBJC_ROOT_CLASS = YES_ERROR;
				CLANG_WARN_QUOTED_INCLUDE_IN_FRAMEWORK_HEADER = YES;
				CLANG_WARN_RANGE_LOOP_ANALYSIS = YES;
				CLANG_WARN_STRICT_PROTOTYPES = YES;
				CLANG_WARN_SUSPICIOUS_MOVE = YES;
				CLANG_WARN_UNGUARDED_AVAILABILITY = YES_AGGRESSIVE;
				CLANG_WARN_UNREACHABLE_CODE = YES;
				CLANG_WARN__DUPLICATE_METHOD_MATCH = YES;
				COPY_PHASE_STRIP = NO;
				DEBUG_INFORMATION_FORMAT = "dwarf-with-dsym";
				ENABLE_NS_ASSERTIONS = NO;
				ENABLE_STRICT_OBJC_MSGSEND = YES;
				GCC_C_LANGUAGE_STANDARD = gnu11;
				GCC_NO_COMMON_BLOCKS = YES;
				GCC_WARN_64_TO_32_BIT_CONVERSION = YES;
				GCC_WARN_ABOUT_RETURN_TYPE = YES_ERROR;
				GCC_WARN_UNDECLARED_SELECTOR = YES;
				GCC_WARN_UNINITIALIZED_AUTOS = YES_AGGRESSIVE;
				GCC_WARN_UNUSED_FUNCTION = YES;
				GCC_WARN_UNUSED_VARIABLE = YES;
				MTL_ENABLE_DEBUG_INFO = NO;
				MTL_FAST_MATH = YES;
				SWIFT_COMPILATION_MODE = wholemodule;
				SWIFT_OPTIMIZATION_LEVEL = "-O";
			};
			name = Release;
		};
		5131664724C8655E0082A742 /* Debug */ = {
			isa = XCBuildConfiguration;
			buildSettings = {
				ASSETCATALOG_COMPILER_APPICON_NAME = AppIcon;
				ASSETCATALOG_COMPILER_GLOBAL_ACCENT_COLOR_NAME = AccentColor;
				CODE_SIGN_STYLE = Automatic;
				DEVELOPMENT_TEAM = R77BD8MPA8;
				ENABLE_PREVIEWS = YES;
				INFOPLIST_FILE = iOS/Info.plist;
				IPHONEOS_DEPLOYMENT_TARGET = 14.0;
				LD_RUNPATH_SEARCH_PATHS = (
					"$(inherited)",
					"@executable_path/Frameworks",
				);
				PRODUCT_BUNDLE_IDENTIFIER = "com.mazharul.huq.Contact-List";
				PRODUCT_NAME = "Contact List";
				SDKROOT = iphoneos;
				SWIFT_VERSION = 5.0;
				TARGETED_DEVICE_FAMILY = "1,2";
			};
			name = Debug;
		};
		5131664824C8655E0082A742 /* Release */ = {
			isa = XCBuildConfiguration;
			buildSettings = {
				ASSETCATALOG_COMPILER_APPICON_NAME = AppIcon;
				ASSETCATALOG_COMPILER_GLOBAL_ACCENT_COLOR_NAME = AccentColor;
				CODE_SIGN_STYLE = Automatic;
				DEVELOPMENT_TEAM = R77BD8MPA8;
				ENABLE_PREVIEWS = YES;
				INFOPLIST_FILE = iOS/Info.plist;
				IPHONEOS_DEPLOYMENT_TARGET = 14.0;
				LD_RUNPATH_SEARCH_PATHS = (
					"$(inherited)",
					"@executable_path/Frameworks",
				);
				PRODUCT_BUNDLE_IDENTIFIER = "com.mazharul.huq.Contact-List";
				PRODUCT_NAME = "Contact List";
				SDKROOT = iphoneos;
				SWIFT_VERSION = 5.0;
				TARGETED_DEVICE_FAMILY = "1,2";
				VALIDATE_PRODUCT = YES;
			};
			name = Release;
		};
		5131664A24C8655E0082A742 /* Debug */ = {
			isa = XCBuildConfiguration;
			buildSettings = {
				ASSETCATALOG_COMPILER_APPICON_NAME = AppIcon;
				ASSETCATALOG_COMPILER_GLOBAL_ACCENT_COLOR_NAME = AccentColor;
				CODE_SIGN_ENTITLEMENTS = macOS/macOS.entitlements;
				CODE_SIGN_STYLE = Automatic;
				COMBINE_HIDPI_IMAGES = YES;
				DEVELOPMENT_TEAM = R77BD8MPA8;
				ENABLE_HARDENED_RUNTIME = YES;
				ENABLE_PREVIEWS = YES;
				INFOPLIST_FILE = macOS/Info.plist;
				LD_RUNPATH_SEARCH_PATHS = (
					"$(inherited)",
					"@executable_path/../Frameworks",
				);
				MACOSX_DEPLOYMENT_TARGET = 10.16;
				PRODUCT_BUNDLE_IDENTIFIER = "com.mazharul.huq.Contact-List";
				PRODUCT_NAME = "Contact List";
				SDKROOT = macosx;
				SWIFT_VERSION = 5.0;
			};
			name = Debug;
		};
		5131664B24C8655E0082A742 /* Release */ = {
			isa = XCBuildConfiguration;
			buildSettings = {
				ASSETCATALOG_COMPILER_APPICON_NAME = AppIcon;
				ASSETCATALOG_COMPILER_GLOBAL_ACCENT_COLOR_NAME = AccentColor;
				CODE_SIGN_ENTITLEMENTS = macOS/macOS.entitlements;
				CODE_SIGN_STYLE = Automatic;
				COMBINE_HIDPI_IMAGES = YES;
				DEVELOPMENT_TEAM = R77BD8MPA8;
				ENABLE_HARDENED_RUNTIME = YES;
				ENABLE_PREVIEWS = YES;
				INFOPLIST_FILE = macOS/Info.plist;
				LD_RUNPATH_SEARCH_PATHS = (
					"$(inherited)",
					"@executable_path/../Frameworks",
				);
				MACOSX_DEPLOYMENT_TARGET = 10.16;
				PRODUCT_BUNDLE_IDENTIFIER = "com.mazharul.huq.Contact-List";
				PRODUCT_NAME = "Contact List";
				SDKROOT = macosx;
				SWIFT_VERSION = 5.0;
			};
			name = Release;
		};
/* End XCBuildConfiguration section */

/* Begin XCConfigurationList section */
		5131662924C865590082A742 /* Build configuration list for PBXProject "Contact List" */ = {
			isa = XCConfigurationList;
			buildConfigurations = (
				5131664424C8655E0082A742 /* Debug */,
				5131664524C8655E0082A742 /* Release */,
			);
			defaultConfigurationIsVisible = 0;
			defaultConfigurationName = Release;
		};
		5131664624C8655E0082A742 /* Build configuration list for PBXNativeTarget "Contact List (iOS)" */ = {
			isa = XCConfigurationList;
			buildConfigurations = (
				5131664724C8655E0082A742 /* Debug */,
				5131664824C8655E0082A742 /* Release */,
			);
			defaultConfigurationIsVisible = 0;
			defaultConfigurationName = Release;
		};
		5131664924C8655E0082A742 /* Build configuration list for PBXNativeTarget "Contact List (macOS)" */ = {
			isa = XCConfigurationList;
			buildConfigurations = (
				5131664A24C8655E0082A742 /* Debug */,
				5131664B24C8655E0082A742 /* Release */,
			);
			defaultConfigurationIsVisible = 0;
			defaultConfigurationName = Release;
		};
/* End XCConfigurationList section */
	};
	rootObject = 5131662624C865590082A742 /* Project object */;
}
